// !$*UTF8*$!
{
	archiveVersion = 1;
	classes = {
	};
	objectVersion = 46;
	objects = {

/* Begin PBXBuildFile section */
		526FD6E11A75861800B0571B /* AppDelegate.swift in Sources */ = {isa = PBXBuildFile; fileRef = 526FD6E01A75861800B0571B /* AppDelegate.swift */; };
		526FD6E41A75861800B0571B /* sourceTest.xcdatamodeld in Sources */ = {isa = PBXBuildFile; fileRef = 526FD6E21A75861800B0571B /* sourceTest.xcdatamodeld */; };
		526FD6E61A75861800B0571B /* ViewController.swift in Sources */ = {isa = PBXBuildFile; fileRef = 526FD6E51A75861800B0571B /* ViewController.swift */; };
		526FD6E91A75861800B0571B /* Main.storyboard in Resources */ = {isa = PBXBuildFile; fileRef = 526FD6E71A75861800B0571B /* Main.storyboard */; };
		526FD6EB1A75861800B0571B /* Images.xcassets in Resources */ = {isa = PBXBuildFile; fileRef = 526FD6EA1A75861800B0571B /* Images.xcassets */; };
		526FD6EE1A75861800B0571B /* LaunchScreen.xib in Resources */ = {isa = PBXBuildFile; fileRef = 526FD6EC1A75861800B0571B /* LaunchScreen.xib */; };
		526FD6FA1A75861800B0571B /* sourceTestTests.swift in Sources */ = {isa = PBXBuildFile; fileRef = 526FD6F91A75861800B0571B /* sourceTestTests.swift */; };
/* End PBXBuildFile section */

/* Begin PBXContainerItemProxy section */
		526FD6F41A75861800B0571B /* PBXContainerItemProxy */ = {
			isa = PBXContainerItemProxy;
			containerPortal = 526FD6D31A75861800B0571B /* Project object */;
			proxyType = 1;
			remoteGlobalIDString = 526FD6DA1A75861800B0571B;
			remoteInfo = sourceTest;
		};
/* End PBXContainerItemProxy section */

/* Begin PBXFileReference section */
		526FD6DB1A75861800B0571B /* sourceTest.app */ = {isa = PBXFileReference; explicitFileType = wrapper.application; includeInIndex = 0; path = sourceTest.app; sourceTree = BUILT_PRODUCTS_DIR; };
		526FD6DF1A75861800B0571B /* Info.plist */ = {isa = PBXFileReference; lastKnownFileType = text.plist.xml; path = Info.plist; sourceTree = "<group>"; };
		526FD6E01A75861800B0571B /* AppDelegate.swift */ = {isa = PBXFileReference; lastKnownFileType = sourcecode.swift; path = AppDelegate.swift; sourceTree = "<group>"; };
		526FD6E31A75861800B0571B /* sourceTest.xcdatamodel */ = {isa = PBXFileReference; lastKnownFileType = wrapper.xcdatamodel; path = sourceTest.xcdatamodel; sourceTree = "<group>"; };
		526FD6E51A75861800B0571B /* ViewController.swift */ = {isa = PBXFileReference; lastKnownFileType = sourcecode.swift; path = ViewController.swift; sourceTree = "<group>"; };
		526FD6E81A75861800B0571B /* Base */ = {isa = PBXFileReference; lastKnownFileType = file.storyboard; name = Base; path = Base.lproj/Main.storyboard; sourceTree = "<group>"; };
		526FD6EA1A75861800B0571B /* Images.xcassets */ = {isa = PBXFileReference; lastKnownFileType = folder.assetcatalog; path = Images.xcassets; sourceTree = "<group>"; };
		526FD6ED1A75861800B0571B /* Base */ = {isa = PBXFileReference; lastKnownFileType = file.xib; name = Base; path = Base.lproj/LaunchScreen.xib; sourceTree = "<group>"; };
		526FD6F31A75861800B0571B /* sourceTestTests.xctest */ = {isa = PBXFileReference; explicitFileType = wrapper.cfbundle; includeInIndex = 0; path = sourceTestTests.xctest; sourceTree = BUILT_PRODUCTS_DIR; };
		526FD6F81A75861800B0571B /* Info.plist */ = {isa = PBXFileReference; lastKnownFileType = text.plist.xml; path = Info.plist; sourceTree = "<group>"; };
		526FD6F91A75861800B0571B /* sourceTestTests.swift */ = {isa = PBXFileReference; lastKnownFileType = sourcecode.swift; path = sourceTestTests.swift; sourceTree = "<group>"; };
/* End PBXFileReference section */

/* Begin PBXFrameworksBuildPhase section */
		526FD6D81A75861800B0571B /* Frameworks */ = {
			isa = PBXFrameworksBuildPhase;
			buildActionMask = 2147483647;
			files = (
			);
			runOnlyForDeploymentPostprocessing = 0;
		};
		526FD6F01A75861800B0571B /* Frameworks */ = {
			isa = PBXFrameworksBuildPhase;
			buildActionMask = 2147483647;
			files = (
			);
			runOnlyForDeploymentPostprocessing = 0;
		};
/* End PBXFrameworksBuildPhase section */

/* Begin PBXGroup section */
		526FD6D21A75861800B0571B = {
			isa = PBXGroup;
			children = (
				526FD6DD1A75861800B0571B /* sourceTest */,
				526FD6F61A75861800B0571B /* sourceTestTests */,
				526FD6DC1A75861800B0571B /* Products */,
			);
			sourceTree = "<group>";
		};
		526FD6DC1A75861800B0571B /* Products */ = {
			isa = PBXGroup;
			children = (
				526FD6DB1A75861800B0571B /* sourceTest.app */,
				526FD6F31A75861800B0571B /* sourceTestTests.xctest */,
			);
			name = Products;
			sourceTree = "<group>";
		};
		526FD6DD1A75861800B0571B /* sourceTest */ = {
			isa = PBXGroup;
			children = (
				526FD6E01A75861800B0571B /* AppDelegate.swift */,
				526FD6E51A75861800B0571B /* ViewController.swift */,
				526FD6E71A75861800B0571B /* Main.storyboard */,
				526FD6EA1A75861800B0571B /* Images.xcassets */,
				526FD6EC1A75861800B0571B /* LaunchScreen.xib */,
				526FD6E21A75861800B0571B /* sourceTest.xcdatamodeld */,
				526FD6DE1A75861800B0571B /* Supporting Files */,
			);
			path = sourceTest;
			sourceTree = "<group>";
		};
		526FD6DE1A75861800B0571B /* Supporting Files */ = {
			isa = PBXGroup;
			children = (
				526FD6DF1A75861800B0571B /* Info.plist */,
			);
			name = "Supporting Files";
			sourceTree = "<group>";
		};
		526FD6F61A75861800B0571B /* sourceTestTests */ = {
			isa = PBXGroup;
			children = (
				526FD6F91A75861800B0571B /* sourceTestTests.swift */,
				526FD6F71A75861800B0571B /* Supporting Files */,
			);
			path = sourceTestTests;
			sourceTree = "<group>";
		};
		526FD6F71A75861800B0571B /* Supporting Files */ = {
			isa = PBXGroup;
			children = (
				526FD6F81A75861800B0571B /* Info.plist */,
			);
			name = "Supporting Files";
			sourceTree = "<group>";
		};
/* End PBXGroup section */

/* Begin PBXNativeTarget section */
		526FD6DA1A75861800B0571B /* sourceTest */ = {
			isa = PBXNativeTarget;
			buildConfigurationList = 526FD6FD1A75861800B0571B /* Build configuration list for PBXNativeTarget "sourceTest" */;
			buildPhases = (
				526FD6D71A75861800B0571B /* Sources */,
				526FD6D81A75861800B0571B /* Frameworks */,
				526FD6D91A75861800B0571B /* Resources */,
			);
			buildRules = (
			);
			dependencies = (
			);
			name = sourceTest;
			productName = sourceTest;
			productReference = 526FD6DB1A75861800B0571B /* sourceTest.app */;
			productType = "com.apple.product-type.application";
		};
		526FD6F21A75861800B0571B /* sourceTestTests */ = {
			isa = PBXNativeTarget;
			buildConfigurationList = 526FD7001A75861800B0571B /* Build configuration list for PBXNativeTarget "sourceTestTests" */;
			buildPhases = (
				526FD6EF1A75861800B0571B /* Sources */,
				526FD6F01A75861800B0571B /* Frameworks */,
				526FD6F11A75861800B0571B /* Resources */,
			);
			buildRules = (
			);
			dependencies = (
				526FD6F51A75861800B0571B /* PBXTargetDependency */,
			);
			name = sourceTestTests;
			productName = sourceTestTests;
			productReference = 526FD6F31A75861800B0571B /* sourceTestTests.xctest */;
			productType = "com.apple.product-type.bundle.unit-test";
		};
/* End PBXNativeTarget section */

/* Begin PBXProject section */
		526FD6D31A75861800B0571B /* Project object */ = {
			isa = PBXProject;
			attributes = {
				LastUpgradeCheck = 0610;
				ORGANIZATIONNAME = "Gawain Tsao";
				TargetAttributes = {
					526FD6DA1A75861800B0571B = {
						CreatedOnToolsVersion = 6.1.1;
					};
					526FD6F21A75861800B0571B = {
						CreatedOnToolsVersion = 6.1.1;
						TestTargetID = 526FD6DA1A75861800B0571B;
					};
				};
			};
			buildConfigurationList = 526FD6D61A75861800B0571B /* Build configuration list for PBXProject "sourceTest" */;
			compatibilityVersion = "Xcode 3.2";
			developmentRegion = English;
			hasScannedForEncodings = 0;
			knownRegions = (
				en,
				Base,
			);
			mainGroup = 526FD6D21A75861800B0571B;
			productRefGroup = 526FD6DC1A75861800B0571B /* Products */;
			projectDirPath = "";
			projectRoot = "";
			targets = (
				526FD6DA1A75861800B0571B /* sourceTest */,
				526FD6F21A75861800B0571B /* sourceTestTests */,
			);
		};
/* End PBXProject section */

/* Begin PBXResourcesBuildPhase section */
		526FD6D91A75861800B0571B /* Resources */ = {
			isa = PBXResourcesBuildPhase;
			buildActionMask = 2147483647;
			files = (
				526FD6E91A75861800B0571B /* Main.storyboard in Resources */,
				526FD6EE1A75861800B0571B /* LaunchScreen.xib in Resources */,
				526FD6EB1A75861800B0571B /* Images.xcassets in Resources */,
			);
			runOnlyForDeploymentPostprocessing = 0;
		};
		526FD6F11A75861800B0571B /* Resources */ = {
			isa = PBXResourcesBuildPhase;
			buildActionMask = 2147483647;
			files = (
			);
			runOnlyForDeploymentPostprocessing = 0;
		};
/* End PBXResourcesBuildPhase section */

/* Begin PBXSourcesBuildPhase section */
		526FD6D71A75861800B0571B /* Sources */ = {
			isa = PBXSourcesBuildPhase;
			buildActionMask = 2147483647;
			files = (
				526FD6E61A75861800B0571B /* ViewController.swift in Sources */,
				526FD6E41A75861800B0571B /* sourceTest.xcdatamodeld in Sources */,
				526FD6E11A75861800B0571B /* AppDelegate.swift in Sources */,
			);
			runOnlyForDeploymentPostprocessing = 0;
		};
		526FD6EF1A75861800B0571B /* Sources */ = {
			isa = PBXSourcesBuildPhase;
			buildActionMask = 2147483647;
			files = (
				526FD6FA1A75861800B0571B /* sourceTestTests.swift in Sources */,
			);
			runOnlyForDeploymentPostprocessing = 0;
		};
/* End PBXSourcesBuildPhase section */

/* Begin PBXTargetDependency section */
		526FD6F51A75861800B0571B /* PBXTargetDependency */ = {
			isa = PBXTargetDependency;
			target = 526FD6DA1A75861800B0571B /* sourceTest */;
			targetProxy = 526FD6F41A75861800B0571B /* PBXContainerItemProxy */;
		};
/* End PBXTargetDependency section */

/* Begin PBXVariantGroup section */
		526FD6E71A75861800B0571B /* Main.storyboard */ = {
			isa = PBXVariantGroup;
			children = (
				526FD6E81A75861800B0571B /* Base */,
			);
			name = Main.storyboard;
			sourceTree = "<group>";
		};
		526FD6EC1A75861800B0571B /* LaunchScreen.xib */ = {
			isa = PBXVariantGroup;
			children = (
				526FD6ED1A75861800B0571B /* Base */,
			);
			name = LaunchScreen.xib;
			sourceTree = "<group>";
		};
/* End PBXVariantGroup section */

/* Begin XCBuildConfiguration section */
		526FD6FB1A75861800B0571B /* Debug */ = {
			isa = XCBuildConfiguration;
			buildSettings = {
				ALWAYS_SEARCH_USER_PATHS = NO;
				CLANG_CXX_LANGUAGE_STANDARD = "gnu++0x";
				CLANG_CXX_LIBRARY = "libc++";
				CLANG_ENABLE_MODULES = YES;
				CLANG_ENABLE_OBJC_ARC = YES;
				CLANG_WARN_BOOL_CONVERSION = YES;
				CLANG_WARN_CONSTANT_CONVERSION = YES;
				CLANG_WARN_DIRECT_OBJC_ISA_USAGE = YES_ERROR;
				CLANG_WARN_EMPTY_BODY = YES;
				CLANG_WARN_ENUM_CONVERSION = YES;
				CLANG_WARN_INT_CONVERSION = YES;
				CLANG_WARN_OBJC_ROOT_CLASS = YES_ERROR;
				CLANG_WARN_UNREACHABLE_CODE = YES;
				CLANG_WARN__DUPLICATE_METHOD_MATCH = YES;
				"CODE_SIGN_IDENTITY[sdk=iphoneos*]" = "iPhone Developer";
				COPY_PHASE_STRIP = NO;
				ENABLE_STRICT_OBJC_MSGSEND = YES;
				GCC_C_LANGUAGE_STANDARD = gnu99;
				GCC_DYNAMIC_NO_PIC = NO;
				GCC_OPTIMIZATION_LEVEL = 0;
				GCC_PREPROCESSOR_DEFINITIONS = (
					"DEBUG=1",
					"$(inherited)",
				);
				GCC_SYMBOLS_PRIVATE_EXTERN = NO;
				GCC_WARN_64_TO_32_BIT_CONVERSION = YES;
				GCC_WARN_ABOUT_RETURN_TYPE = YES_ERROR;
				GCC_WARN_UNDECLARED_SELECTOR = YES;
				GCC_WARN_UNINITIALIZED_AUTOS = YES_AGGRESSIVE;
				GCC_WARN_UNUSED_FUNCTION = YES;
				GCC_WARN_UNUSED_VARIABLE = YES;
				IPHONEOS_DEPLOYMENT_TARGET = 8.1;
				MTL_ENABLE_DEBUG_INFO = YES;
				ONLY_ACTIVE_ARCH = YES;
				SDKROOT = iphoneos;
				SWIFT_OPTIMIZATION_LEVEL = "-Onone";
			};
			name = Debug;
		};
		526FD6FC1A75861800B0571B /* Release */ = {
			isa = XCBuildConfiguration;
			buildSettings = {
				ALWAYS_SEARCH_USER_PATHS = NO;
				CLANG_CXX_LANGUAGE_STANDARD = "gnu++0x";
				CLANG_CXX_LIBRARY = "libc++";
				CLANG_ENABLE_MODULES = YES;
				CLANG_ENABLE_OBJC_ARC = YES;
				CLANG_WARN_BOOL_CONVERSION = YES;
				CLANG_WARN_CONSTANT_CONVERSION = YES;
				CLANG_WARN_DIRECT_OBJC_ISA_USAGE = YES_ERROR;
				CLANG_WARN_EMPTY_BODY = YES;
				CLANG_WARN_ENUM_CONVERSION = YES;
				CLANG_WARN_INT_CONVERSION = YES;
				CLANG_WARN_OBJC_ROOT_CLASS = YES_ERROR;
				CLANG_WARN_UNREACHABLE_CODE = YES;
				CLANG_WARN__DUPLICATE_METHOD_MATCH = YES;
				"CODE_SIGN_IDENTITY[sdk=iphoneos*]" = "iPhone Developer";
				COPY_PHASE_STRIP = YES;
				ENABLE_NS_ASSERTIONS = NO;
				ENABLE_STRICT_OBJC_MSGSEND = YES;
				GCC_C_LANGUAGE_STANDARD = gnu99;
				GCC_WARN_64_TO_32_BIT_CONVERSION = YES;
				GCC_WARN_ABOUT_RETURN_TYPE = YES_ERROR;
				GCC_WARN_UNDECLARED_SELECTOR = YES;
				GCC_WARN_UNINITIALIZED_AUTOS = YES_AGGRESSIVE;
				GCC_WARN_UNUSED_FUNCTION = YES;
				GCC_WARN_UNUSED_VARIABLE = YES;
				IPHONEOS_DEPLOYMENT_TARGET = 8.1;
				MTL_ENABLE_DEBUG_INFO = NO;
				SDKROOT = iphoneos;
				VALIDATE_PRODUCT = YES;
			};
			name = Release;
		};
		526FD6FE1A75861800B0571B /* Debug */ = {
			isa = XCBuildConfiguration;
			buildSettings = {
				ASSETCATALOG_COMPILER_APPICON_NAME = AppIcon;
				INFOPLIST_FILE = sourceTest/Info.plist;
				LD_RUNPATH_SEARCH_PATHS = "$(inherited) @executable_path/Frameworks";
				PRODUCT_NAME = "$(TARGET_NAME)";
			};
			name = Debug;
		};
		526FD6FF1A75861800B0571B /* Release */ = {
			isa = XCBuildConfiguration;
			buildSettings = {
				ASSETCATALOG_COMPILER_APPICON_NAME = AppIcon;
				INFOPLIST_FILE = sourceTest/Info.plist;
				LD_RUNPATH_SEARCH_PATHS = "$(inherited) @executable_path/Frameworks";
				PRODUCT_NAME = "$(TARGET_NAME)";
			};
			name = Release;
		};
		526FD7011A75861800B0571B /* Debug */ = {
			isa = XCBuildConfiguration;
			buildSettings = {
				BUNDLE_LOADER = "$(TEST_HOST)";
				FRAMEWORK_SEARCH_PATHS = (
					"$(SDKROOT)/Developer/Library/Frameworks",
					"$(inherited)",
				);
				GCC_PREPROCESSOR_DEFINITIONS = (
					"DEBUG=1",
					"$(inherited)",
				);
				INFOPLIST_FILE = sourceTestTests/Info.plist;
				LD_RUNPATH_SEARCH_PATHS = "$(inherited) @executable_path/Frameworks @loader_path/Frameworks";
				PRODUCT_NAME = "$(TARGET_NAME)";
				TEST_HOST = "$(BUILT_PRODUCTS_DIR)/sourceTest.app/sourceTest";
			};
			name = Debug;
		};
		526FD7021A75861800B0571B /* Release */ = {
			isa = XCBuildConfiguration;
			buildSettings = {
				BUNDLE_LOADER = "$(TEST_HOST)";
				FRAMEWORK_SEARCH_PATHS = (
					"$(SDKROOT)/Developer/Library/Frameworks",
					"$(inherited)",
				);
				INFOPLIST_FILE = sourceTestTests/Info.plist;
				LD_RUNPATH_SEARCH_PATHS = "$(inherited) @executable_path/Frameworks @loader_path/Frameworks";
				PRODUCT_NAME = "$(TARGET_NAME)";
				TEST_HOST = "$(BUILT_PRODUCTS_DIR)/sourceTest.app/sourceTest";
			};
			name = Release;
		};
/* End XCBuildConfiguration section */

/* Begin XCConfigurationList section */
		526FD6D61A75861800B0571B /* Build configuration list for PBXProject "sourceTest" */ = {
			isa = XCConfigurationList;
			buildConfigurations = (
				526FD6FB1A75861800B0571B /* Debug */,
				526FD6FC1A75861800B0571B /* Release */,
			);
			defaultConfigurationIsVisible = 0;
			defaultConfigurationName = Release;
		};
		526FD6FD1A75861800B0571B /* Build configuration list for PBXNativeTarget "sourceTest" */ = {
			isa = XCConfigurationList;
			buildConfigurations = (
				526FD6FE1A75861800B0571B /* Debug */,
				526FD6FF1A75861800B0571B /* Release */,
			);
			defaultConfigurationIsVisible = 0;
		};
		526FD7001A75861800B0571B /* Build configuration list for PBXNativeTarget "sourceTestTests" */ = {
			isa = XCConfigurationList;
			buildConfigurations = (
				526FD7011A75861800B0571B /* Debug */,
				526FD7021A75861800B0571B /* Release */,
			);
			defaultConfigurationIsVisible = 0;
		};
/* End XCConfigurationList section */

/* Begin XCVersionGroup section */
		526FD6E21A75861800B0571B /* sourceTest.xcdatamodeld */ = {
			isa = XCVersionGroup;
			children = (
				526FD6E31A75861800B0571B /* sourceTest.xcdatamodel */,
			);
			currentVersion = 526FD6E31A75861800B0571B /* sourceTest.xcdatamodel */;
			path = sourceTest.xcdatamodeld;
			sourceTree = "<group>";
			versionGroupType = wrapper.xcdatamodel;
		};
/* End XCVersionGroup section */
	};
	rootObject = 526FD6D31A75861800B0571B /* Project object */;
}
